
Microsoft Visual Studio Solution File, Format Version 12.00
# Visual Studio Version 16
VisualStudioVersion = 16.0.30225.117
MinimumVisualStudioVersion = 10.0.40219.1
Project("{FAE04EC0-301F-11D3-BF4B-00C04F79EFBC}") = "BotWebApp", "BotWebApp\BotWebApp.csproj", "{B12D9514-F029-4836-AA6C-8089F3B83E28}"
EndProject
Global
	GlobalSection(SolutionConfigurationPlatforms) = preSolution
		Debug|Any CPU = Debug|Any CPU
		Release|Any CPU = Release|Any CPU
	EndGlobalSection
	GlobalSection(ProjectConfigurationPlatforms) = postSolution
		{B12D9514-F029-4836-AA6C-8089F3B83E28}.Debug|Any CPU.ActiveCfg = Debug|Any CPU
		{B12D9514-F029-4836-AA6C-8089F3B83E28}.Debug|Any CPU.Build.0 = Debug|Any CPU
		{B12D9514-F029-4836-AA6C-8089F3B83E28}.Release|Any CPU.ActiveCfg = Release|Any CPU
		{B12D9514-F029-4836-AA6C-8089F3B83E28}.Release|Any CPU.Build.0 = Release|Any CPU
	EndGlobalSection
	GlobalSection(SolutionProperties) = preSolution
		HideSolutionNode = FALSE
	EndGlobalSection
	GlobalSection(ExtensibilityGlobals) = postSolution
		SolutionGuid = {D3B1F98A-C69B-4193-9A90-463C697CA7E9}
	EndGlobalSection
EndGlobal
